{
  "version": 4,
  "terraform_version": "1.10.4",
  "serial": 60,
  "lineage": "62784b93-5cfb-cb58-beb6-56d020ad7f69",
  "outputs": {
    "instance_public_ip": {
      "value": "13.38.23.210",
      "type": "string"
    },
    "rds_password": {
      "value": "mypassword123",
      "type": "string",
      "sensitive": true
    },
    "rds_user": {
      "value": "admin",
      "type": "string",
      "sensitive": true
    }
  },
  "resources": [
    {
      "module": "module.ec2_wordpress",
      "mode": "data",
      "type": "aws_availability_zones",
      "name": "available",
      "provider": "module.ec2_wordpress.provider[\"registry.terraform.io/hashicorp/aws\"]",
      "instances": [
        {
          "schema_version": 0,
          "attributes": {
            "all_availability_zones": null,
            "exclude_names": null,
            "exclude_zone_ids": null,
            "filter": null,
            "group_names": [
              "eu-west-3"
            ],
            "id": "eu-west-3",
            "names": [
              "eu-west-3a",
              "eu-west-3b",
              "eu-west-3c"
            ],
            "state": "available",
            "timeouts": null,
            "zone_ids": [
              "euw3-az1",
              "euw3-az2",
              "euw3-az3"
            ]
          },
          "sensitive_attributes": []
        }
      ]
    },
    {
      "module": "module.ec2_wordpress",
      "mode": "data",
      "type": "aws_subnet",
      "name": "exist_subnet_details",
      "provider": "module.ec2_wordpress.provider[\"registry.terraform.io/hashicorp/aws\"]",
      "instances": [
        {
          "index_key": "subnet-0a0df20feddbf3376",
          "schema_version": 0,
          "attributes": {
            "arn": "arn:aws:ec2:eu-west-3:248189943700:subnet/subnet-0a0df20feddbf3376",
            "assign_ipv6_address_on_creation": false,
            "availability_zone": "eu-west-3a",
            "availability_zone_id": "euw3-az1",
            "available_ip_address_count": 4091,
            "cidr_block": "172.31.48.0/20",
            "customer_owned_ipv4_pool": "",
            "default_for_az": false,
            "enable_dns64": false,
            "enable_lni_at_device_index": 0,
            "enable_resource_name_dns_a_record_on_launch": false,
            "enable_resource_name_dns_aaaa_record_on_launch": false,
            "filter": null,
            "id": "subnet-0a0df20feddbf3376",
            "ipv6_cidr_block": "",
            "ipv6_cidr_block_association_id": "",
            "ipv6_native": false,
            "map_customer_owned_ip_on_launch": false,
            "map_public_ip_on_launch": true,
            "outpost_arn": "",
            "owner_id": "248189943700",
            "private_dns_hostname_type_on_launch": "ip-name",
            "state": "available",
            "tags": {
              "Name": "Subnet-4-agd"
            },
            "timeouts": null,
            "vpc_id": "vpc-002427d5be38383d7"
          },
          "sensitive_attributes": []
        }
      ]
    },
    {
      "module": "module.ec2_wordpress",
      "mode": "data",
      "type": "aws_subnet",
      "name": "existing_subnet_details",
      "provider": "module.ec2_wordpress.provider[\"registry.terraform.io/hashicorp/aws\"]",
      "instances": [
        {
          "index_key": "subnet-010b6eeb2c340a4ed",
          "schema_version": 0,
          "attributes": {
            "arn": "arn:aws:ec2:eu-west-3:248189943700:subnet/subnet-010b6eeb2c340a4ed",
            "assign_ipv6_address_on_creation": false,
            "availability_zone": "eu-west-3c",
            "availability_zone_id": "euw3-az3",
            "available_ip_address_count": 4090,
            "cidr_block": "172.31.32.0/20",
            "customer_owned_ipv4_pool": "",
            "default_for_az": true,
            "enable_dns64": false,
            "enable_lni_at_device_index": 0,
            "enable_resource_name_dns_a_record_on_launch": false,
            "enable_resource_name_dns_aaaa_record_on_launch": false,
            "filter": null,
            "id": "subnet-010b6eeb2c340a4ed",
            "ipv6_cidr_block": "",
            "ipv6_cidr_block_association_id": "",
            "ipv6_native": false,
            "map_customer_owned_ip_on_launch": false,
            "map_public_ip_on_launch": true,
            "outpost_arn": "",
            "owner_id": "248189943700",
            "private_dns_hostname_type_on_launch": "ip-name",
            "state": "available",
            "tags": {
              "Name": "public-subnet-3"
            },
            "timeouts": null,
            "vpc_id": "vpc-002427d5be38383d7"
          },
          "sensitive_attributes": []
        },
        {
          "index_key": "subnet-030a9c008a57ac5a2",
          "schema_version": 0,
          "attributes": {
            "arn": "arn:aws:ec2:eu-west-3:248189943700:subnet/subnet-030a9c008a57ac5a2",
            "assign_ipv6_address_on_creation": false,
            "availability_zone": "eu-west-3b",
            "availability_zone_id": "euw3-az2",
            "available_ip_address_count": 4088,
            "cidr_block": "172.31.16.0/20",
            "customer_owned_ipv4_pool": "",
            "default_for_az": true,
            "enable_dns64": false,
            "enable_lni_at_device_index": 0,
            "enable_resource_name_dns_a_record_on_launch": false,
            "enable_resource_name_dns_aaaa_record_on_launch": false,
            "filter": null,
            "id": "subnet-030a9c008a57ac5a2",
            "ipv6_cidr_block": "",
            "ipv6_cidr_block_association_id": "",
            "ipv6_native": false,
            "map_customer_owned_ip_on_launch": false,
            "map_public_ip_on_launch": true,
            "outpost_arn": "",
            "owner_id": "248189943700",
            "private_dns_hostname_type_on_launch": "ip-name",
            "state": "available",
            "tags": {
              "Name": "public-subnet-1"
            },
            "timeouts": null,
            "vpc_id": "vpc-002427d5be38383d7"
          },
          "sensitive_attributes": []
        },
        {
          "index_key": "subnet-06289d5ecb2c8668a",
          "schema_version": 0,
          "attributes": {
            "arn": "arn:aws:ec2:eu-west-3:248189943700:subnet/subnet-06289d5ecb2c8668a",
            "assign_ipv6_address_on_creation": false,
            "availability_zone": "eu-west-3a",
            "availability_zone_id": "euw3-az1",
            "available_ip_address_count": 4085,
            "cidr_block": "172.31.0.0/20",
            "customer_owned_ipv4_pool": "",
            "default_for_az": true,
            "enable_dns64": false,
            "enable_lni_at_device_index": 0,
            "enable_resource_name_dns_a_record_on_launch": false,
            "enable_resource_name_dns_aaaa_record_on_launch": false,
            "filter": null,
            "id": "subnet-06289d5ecb2c8668a",
            "ipv6_cidr_block": "",
            "ipv6_cidr_block_association_id": "",
            "ipv6_native": false,
            "map_customer_owned_ip_on_launch": false,
            "map_public_ip_on_launch": true,
            "outpost_arn": "",
            "owner_id": "248189943700",
            "private_dns_hostname_type_on_launch": "ip-name",
            "state": "available",
            "tags": {
              "Name": "public-subnet-2"
            },
            "timeouts": null,
            "vpc_id": "vpc-002427d5be38383d7"
          },
          "sensitive_attributes": []
        },
        {
          "index_key": "subnet-0a0df20feddbf3376",
          "schema_version": 0,
          "attributes": {
            "arn": "arn:aws:ec2:eu-west-3:248189943700:subnet/subnet-0a0df20feddbf3376",
            "assign_ipv6_address_on_creation": false,
            "availability_zone": "eu-west-3a",
            "availability_zone_id": "euw3-az1",
            "available_ip_address_count": 4091,
            "cidr_block": "172.31.48.0/20",
            "customer_owned_ipv4_pool": "",
            "default_for_az": false,
            "enable_dns64": false,
            "enable_lni_at_device_index": 0,
            "enable_resource_name_dns_a_record_on_launch": false,
            "enable_resource_name_dns_aaaa_record_on_launch": false,
            "filter": null,
            "id": "subnet-0a0df20feddbf3376",
            "ipv6_cidr_block": "",
            "ipv6_cidr_block_association_id": "",
            "ipv6_native": false,
            "map_customer_owned_ip_on_launch": false,
            "map_public_ip_on_launch": true,
            "outpost_arn": "",
            "owner_id": "248189943700",
            "private_dns_hostname_type_on_launch": "ip-name",
            "state": "available",
            "tags": {
              "Name": "Subnet-4-agd"
            },
            "timeouts": null,
            "vpc_id": "vpc-002427d5be38383d7"
          },
          "sensitive_attributes": []
        }
      ]
    },
    {
      "module": "module.ec2_wordpress",
      "mode": "data",
      "type": "aws_subnets",
      "name": "exist_subnet",
      "provider": "module.ec2_wordpress.provider[\"registry.terraform.io/hashicorp/aws\"]",
      "instances": [
        {
          "schema_version": 0,
          "attributes": {
            "filter": [
              {
                "name": "tag:Name",
                "values": [
                  "Subnet-4-agd"
                ]
              },
              {
                "name": "vpc-id",
                "values": [
                  "vpc-002427d5be38383d7"
                ]
              }
            ],
            "id": "eu-west-3",
            "ids": [
              "subnet-0a0df20feddbf3376"
            ],
            "tags": null,
            "timeouts": null
          },
          "sensitive_attributes": []
        }
      ]
    },
    {
      "module": "module.ec2_wordpress",
      "mode": "data",
      "type": "aws_subnets",
      "name": "existing_subnets",
      "provider": "module.ec2_wordpress.provider[\"registry.terraform.io/hashicorp/aws\"]",
      "instances": [
        {
          "schema_version": 0,
          "attributes": {
            "filter": [
              {
                "name": "vpc-id",
                "values": [
                  "vpc-002427d5be38383d7"
                ]
              }
            ],
            "id": "eu-west-3",
            "ids": [
              "subnet-0a0df20feddbf3376",
              "subnet-030a9c008a57ac5a2",
              "subnet-06289d5ecb2c8668a",
              "subnet-010b6eeb2c340a4ed"
            ],
            "tags": null,
            "timeouts": null
          },
          "sensitive_attributes": []
        }
      ]
    },
    {
      "module": "module.ec2_wordpress",
      "mode": "data",
      "type": "aws_vpc",
      "name": "default",
      "provider": "module.ec2_wordpress.provider[\"registry.terraform.io/hashicorp/aws\"]",
      "instances": [
        {
          "schema_version": 0,
          "attributes": {
            "arn": "arn:aws:ec2:eu-west-3:248189943700:vpc/vpc-002427d5be38383d7",
            "cidr_block": "172.31.0.0/16",
            "cidr_block_associations": [
              {
                "association_id": "vpc-cidr-assoc-057161347787c24d5",
                "cidr_block": "172.31.0.0/16",
                "state": "associated"
              }
            ],
            "default": true,
            "dhcp_options_id": "dopt-08929275b8ac13244",
            "enable_dns_hostnames": true,
            "enable_dns_support": true,
            "enable_network_address_usage_metrics": false,
            "filter": null,
            "id": "vpc-002427d5be38383d7",
            "instance_tenancy": "default",
            "ipv6_association_id": "",
            "ipv6_cidr_block": "",
            "main_route_table_id": "rtb-028b84fc0a09defeb",
            "owner_id": "248189943700",
            "state": null,
            "tags": {
              "Name": "Default vpc"
            },
            "timeouts": null
          },
          "sensitive_attributes": []
        }
      ]
    },
    {
      "module": "module.ec2_wordpress",
      "mode": "data",
      "type": "external",
      "name": "next_subnet",
      "provider": "provider[\"registry.terraform.io/hashicorp/external\"]",
      "instances": [
        {
          "schema_version": 0,
          "attributes": {
            "id": "-",
            "program": [
              "python3",
              "../modules/wordpress/calculate_next_subnet.py"
            ],
            "query": {
              "base_cidr": "172.31.0.0/16",
              "existing_cidrs": "[\"172.31.32.0/20\",\"172.31.16.0/20\",\"172.31.0.0/20\",\"172.31.48.0/20\"]"
            },
            "result": {
              "next_subnet": "172.31.64.0/20"
            },
            "working_dir": null
          },
          "sensitive_attributes": []
        }
      ]
    },
    {
      "module": "module.ec2_wordpress",
      "mode": "managed",
      "type": "aws_db_instance",
      "name": "mysql_db",
      "provider": "module.ec2_wordpress.provider[\"registry.terraform.io/hashicorp/aws\"]",
      "instances": [
        {
          "schema_version": 2,
          "attributes": {
            "address": "mymysqldbagd.criuqg402mat.eu-west-3.rds.amazonaws.com",
            "allocated_storage": 10,
            "allow_major_version_upgrade": null,
            "apply_immediately": false,
            "arn": "arn:aws:rds:eu-west-3:248189943700:db:mymysqldbagd",
            "auto_minor_version_upgrade": true,
            "availability_zone": "eu-west-3a",
            "backup_retention_period": 0,
            "backup_target": "region",
            "backup_window": "09:20-09:50",
            "blue_green_update": [],
            "ca_cert_identifier": "rds-ca-rsa2048-g1",
            "character_set_name": "",
            "copy_tags_to_snapshot": false,
            "custom_iam_instance_profile": "",
            "customer_owned_ip_enabled": false,
            "db_name": "mydatabaseagd",
            "db_subnet_group_name": "default",
            "dedicated_log_volume": false,
            "delete_automated_backups": true,
            "deletion_protection": false,
            "domain": "",
            "domain_auth_secret_arn": "",
            "domain_dns_ips": [],
            "domain_fqdn": "",
            "domain_iam_role_name": "",
            "domain_ou": "",
            "enabled_cloudwatch_logs_exports": [],
            "endpoint": "mymysqldbagd.criuqg402mat.eu-west-3.rds.amazonaws.com:3306",
            "engine": "mysql",
            "engine_lifecycle_support": "open-source-rds-extended-support",
            "engine_version": "8.0.39",
            "engine_version_actual": "8.0.39",
            "final_snapshot_identifier": null,
            "hosted_zone_id": "ZMESEXB7ZGGQ3",
            "iam_database_authentication_enabled": false,
            "id": "db-C7MFP3VSQRNWNVHYYQIA2KDSSA",
            "identifier": "mymysqldbagd",
            "identifier_prefix": "",
            "instance_class": "db.t3.micro",
            "iops": 0,
            "kms_key_id": "",
            "latest_restorable_time": "",
            "license_model": "general-public-license",
            "listener_endpoint": [],
            "maintenance_window": "sat:04:22-sat:04:52",
            "manage_master_user_password": null,
            "master_user_secret": [],
            "master_user_secret_kms_key_id": null,
            "max_allocated_storage": 0,
            "monitoring_interval": 0,
            "monitoring_role_arn": "",
            "multi_az": false,
            "nchar_character_set_name": "",
            "network_type": "IPV4",
            "option_group_name": "default:mysql-8-0",
            "parameter_group_name": "default.mysql8.0",
            "password": "mypassword123",
            "performance_insights_enabled": false,
            "performance_insights_kms_key_id": "",
            "performance_insights_retention_period": 0,
            "port": 3306,
            "publicly_accessible": true,
            "replica_mode": "",
            "replicas": [],
            "replicate_source_db": "",
            "resource_id": "db-C7MFP3VSQRNWNVHYYQIA2KDSSA",
            "restore_to_point_in_time": [],
            "s3_import": [],
            "skip_final_snapshot": true,
            "snapshot_identifier": null,
            "status": "available",
            "storage_encrypted": false,
            "storage_throughput": 0,
            "storage_type": "gp2",
            "tags": {
              "Name": "MySQLDatabase-agd"
            },
            "tags_all": {
              "Name": "MySQLDatabase-agd"
            },
            "timeouts": null,
            "timezone": "",
            "upgrade_storage_config": null,
            "username": "admin",
            "vpc_security_group_ids": [
              "sg-0db41a052fba68d3a"
            ]
          },
          "sensitive_attributes": [
            [
              {
                "type": "get_attr",
                "value": "password"
              }
            ]
          ],
          "private": "eyJlMmJmYjczMC1lY2FhLTExZTYtOGY4OC0zNDM2M2JjN2M0YzAiOnsiY3JlYXRlIjozMDAwMDAwMDAwMDAwLCJkZWxldGUiOjM2MDAwMDAwMDAwMDAsInVwZGF0ZSI6NDgwMDAwMDAwMDAwMH0sInNjaGVtYV92ZXJzaW9uIjoiMiJ9",
          "dependencies": [
            "module.ec2_wordpress.aws_security_group.ec2_sg",
            "module.ec2_wordpress.aws_security_group.rds_sg",
            "module.ec2_wordpress.data.aws_vpc.default"
          ]
        }
      ]
    },
    {
      "module": "module.ec2_wordpress",
      "mode": "managed",
      "type": "aws_instance",
      "name": "my_instance",
      "provider": "module.ec2_wordpress.provider[\"registry.terraform.io/hashicorp/aws\"]",
      "instances": [
        {
          "schema_version": 1,
          "attributes": {
            "ami": "ami-07db896e164bc4476",
            "arn": "arn:aws:ec2:eu-west-3:248189943700:instance/i-08d4427261b66c7ad",
            "associate_public_ip_address": true,
            "availability_zone": "eu-west-3a",
            "capacity_reservation_specification": [
              {
                "capacity_reservation_preference": "open",
                "capacity_reservation_target": []
              }
            ],
            "cpu_core_count": 1,
            "cpu_options": [
              {
                "amd_sev_snp": "",
                "core_count": 1,
                "threads_per_core": 1
              }
            ],
            "cpu_threads_per_core": 1,
            "credit_specification": [
              {
                "cpu_credits": "standard"
              }
            ],
            "disable_api_stop": false,
            "disable_api_termination": false,
            "ebs_block_device": [],
            "ebs_optimized": false,
            "enable_primary_ipv6": null,
            "enclave_options": [
              {
                "enabled": false
              }
            ],
            "ephemeral_block_device": [],
            "get_password_data": false,
            "hibernation": false,
            "host_id": "",
            "host_resource_group_arn": null,
            "iam_instance_profile": "",
            "id": "i-08d4427261b66c7ad",
            "instance_initiated_shutdown_behavior": "stop",
            "instance_lifecycle": "",
            "instance_market_options": [],
            "instance_state": "running",
            "instance_type": "t2.micro",
            "ipv6_address_count": 0,
            "ipv6_addresses": [],
            "key_name": "my-key-name-agd",
            "launch_template": [],
            "maintenance_options": [
              {
                "auto_recovery": "default"
              }
            ],
            "metadata_options": [
              {
                "http_endpoint": "enabled",
                "http_protocol_ipv6": "disabled",
                "http_put_response_hop_limit": 1,
                "http_tokens": "optional",
                "instance_metadata_tags": "disabled"
              }
            ],
            "monitoring": false,
            "network_interface": [],
            "outpost_arn": "",
            "password_data": "",
            "placement_group": "",
            "placement_partition_number": 0,
            "primary_network_interface_id": "eni-08074e6b8224a0194",
            "private_dns": "ip-172-31-54-69.eu-west-3.compute.internal",
            "private_dns_name_options": [
              {
                "enable_resource_name_dns_a_record": false,
                "enable_resource_name_dns_aaaa_record": false,
                "hostname_type": "ip-name"
              }
            ],
            "private_ip": "172.31.54.69",
            "public_dns": "ec2-13-38-23-210.eu-west-3.compute.amazonaws.com",
            "public_ip": "13.38.23.210",
            "root_block_device": [
              {
                "delete_on_termination": true,
                "device_name": "/dev/sda1",
                "encrypted": false,
                "iops": 100,
                "kms_key_id": "",
                "tags": {},
                "tags_all": {},
                "throughput": 0,
                "volume_id": "vol-0a2433365d9e6ed5f",
                "volume_size": 8,
                "volume_type": "gp2"
              }
            ],
            "secondary_private_ips": [],
            "security_groups": [
              "stb-ec2-sg"
            ],
            "source_dest_check": true,
            "spot_instance_request_id": "",
            "subnet_id": "subnet-0a0df20feddbf3376",
            "tags": {
              "Name": "Wordpress-agd"
            },
            "tags_all": {
              "Name": "Wordpress-agd"
            },
            "tenancy": "default",
            "timeouts": null,
            "user_data": null,
            "user_data_base64": null,
            "user_data_replace_on_change": false,
            "volume_tags": null,
            "vpc_security_group_ids": [
              "sg-033223af7636223e0"
            ]
          },
          "sensitive_attributes": [],
          "private": "eyJlMmJmYjczMC1lY2FhLTExZTYtOGY4OC0zNDM2M2JjN2M0YzAiOnsiY3JlYXRlIjo2MDAwMDAwMDAwMDAsImRlbGV0ZSI6MTIwMDAwMDAwMDAwMCwicmVhZCI6OTAwMDAwMDAwMDAwLCJ1cGRhdGUiOjYwMDAwMDAwMDAwMH0sInNjaGVtYV92ZXJzaW9uIjoiMSJ9",
          "dependencies": [
            "module.ec2_wordpress.aws_key_pair.key",
            "module.ec2_wordpress.aws_security_group.ec2_sg",
            "module.ec2_wordpress.aws_subnet.next_subnet",
            "module.ec2_wordpress.data.aws_availability_zones.available",
            "module.ec2_wordpress.data.aws_subnet.exist_subnet_details",
            "module.ec2_wordpress.data.aws_subnet.existing_subnet_details",
            "module.ec2_wordpress.data.aws_subnets.exist_subnet",
            "module.ec2_wordpress.data.aws_subnets.existing_subnets",
            "module.ec2_wordpress.data.aws_vpc.default",
            "module.ec2_wordpress.data.external.next_subnet"
          ]
        }
      ]
    },
    {
      "module": "module.ec2_wordpress",
      "mode": "managed",
      "type": "aws_key_pair",
      "name": "key",
      "provider": "module.ec2_wordpress.provider[\"registry.terraform.io/hashicorp/aws\"]",
      "instances": [
        {
          "schema_version": 1,
          "attributes": {
            "arn": "arn:aws:ec2:eu-west-3:248189943700:key-pair/my-key-name-agd",
            "fingerprint": "38:43:f5:a8:fe:37:3f:d5:82:94:4b:5e:e6:7e:ab:8e",
            "id": "my-key-name-agd",
            "key_name": "my-key-name-agd",
            "key_name_prefix": "",
            "key_pair_id": "key-061f720f7f58d5401",
            "key_type": "rsa",
            "public_key": "ssh-rsa AAAAB3NzaC1yc2EAAAADAQABAAABgQC3bUETDIuEKBWPh8GrxPRZfY2OfnSlU0DYS/JM7kJ+761y9P5z/NHz/Q6AqEikBdK5Qpi12BMkE09j9tkBYPoYgykBalGk4Zsc9ch4uWvdtQD605AnLJtNbPm39A5bSBc5iOvdNQkJaH4Ge627wiuWG3WCu5EX9hAnzAKKX/ycTrJH91T1I+cQw1k5lBXWyEWMq4zDgbCuUcfCvfaB73NS04KY213QBOxF4+elnyZRRQur0lTPjpGbNE5E0eEJ3KwFLd04Fc/ZWhrcd1bIZt92mWVJVoQA/jzCnBHGEO4g70MD+COYpsE6sOkad16igTzFV3PU1E/fCXgfBsM3HhwR3SJqpDcQYUKfltd9FJoy7EXmfevnOaX14lqS7yG7ipVOSUYL63KSo1oRYUz2WOp9MEYyrRF8jx0Fny0dk46uvHbKb38X6quMsTUt9vWb9quEtioJMBuKZjYeu2EUpGf1DyDsVjGUyja2rRi8QJ4zC6aStIKtNStPZUJPZBLdoOk= andy.garcia@campusdual.com",
            "tags": {},
            "tags_all": {}
          },
          "sensitive_attributes": [],
          "private": "eyJzY2hlbWFfdmVyc2lvbiI6IjEifQ=="
        }
      ]
    },
    {
      "module": "module.ec2_wordpress",
      "mode": "managed",
      "type": "aws_security_group",
      "name": "ec2_sg",
      "provider": "module.ec2_wordpress.provider[\"registry.terraform.io/hashicorp/aws\"]",
      "instances": [
        {
          "schema_version": 1,
          "attributes": {
            "arn": "arn:aws:ec2:eu-west-3:248189943700:security-group/sg-033223af7636223e0",
            "description": "Security group for EC2 instance",
            "egress": [
              {
                "cidr_blocks": [
                  "0.0.0.0/0"
                ],
                "description": "",
                "from_port": 0,
                "ipv6_cidr_blocks": [],
                "prefix_list_ids": [],
                "protocol": "-1",
                "security_groups": [],
                "self": false,
                "to_port": 0
              }
            ],
            "id": "sg-033223af7636223e0",
            "ingress": [
              {
                "cidr_blocks": [
                  "0.0.0.0/0"
                ],
                "description": "",
                "from_port": 22,
                "ipv6_cidr_blocks": [],
                "prefix_list_ids": [],
                "protocol": "tcp",
                "security_groups": [],
                "self": false,
                "to_port": 22
              },
              {
                "cidr_blocks": [
                  "0.0.0.0/0"
                ],
                "description": "",
                "from_port": 8080,
                "ipv6_cidr_blocks": [],
                "prefix_list_ids": [],
                "protocol": "tcp",
                "security_groups": [],
                "self": false,
                "to_port": 8080
              },
              {
                "cidr_blocks": [
                  "0.0.0.0/0"
                ],
                "description": "",
                "from_port": 80,
                "ipv6_cidr_blocks": [],
                "prefix_list_ids": [],
                "protocol": "tcp",
                "security_groups": [],
                "self": false,
                "to_port": 80
              }
            ],
            "name": "stb-ec2-sg",
            "name_prefix": "",
            "owner_id": "248189943700",
            "revoke_rules_on_delete": false,
            "tags": {
              "Name": "ec2-sg-agd"
            },
            "tags_all": {
              "Name": "ec2-sg-agd"
            },
            "timeouts": null,
            "vpc_id": "vpc-002427d5be38383d7"
          },
          "sensitive_attributes": [],
          "private": "eyJlMmJmYjczMC1lY2FhLTExZTYtOGY4OC0zNDM2M2JjN2M0YzAiOnsiY3JlYXRlIjo2MDAwMDAwMDAwMDAsImRlbGV0ZSI6OTAwMDAwMDAwMDAwfSwic2NoZW1hX3ZlcnNpb24iOiIxIn0=",
          "dependencies": [
            "module.ec2_wordpress.data.aws_vpc.default"
          ]
        }
      ]
    },
    {
      "module": "module.ec2_wordpress",
      "mode": "managed",
      "type": "aws_security_group",
      "name": "rds_sg",
      "provider": "module.ec2_wordpress.provider[\"registry.terraform.io/hashicorp/aws\"]",
      "instances": [
        {
          "schema_version": 1,
          "attributes": {
            "arn": "arn:aws:ec2:eu-west-3:248189943700:security-group/sg-0db41a052fba68d3a",
            "description": "Security group for MySQL RDS",
            "egress": [],
            "id": "sg-0db41a052fba68d3a",
            "ingress": [
              {
                "cidr_blocks": [
                  "172.31.0.0/16"
                ],
                "description": "",
                "from_port": 3306,
                "ipv6_cidr_blocks": [],
                "prefix_list_ids": [],
                "protocol": "tcp",
                "security_groups": [],
                "self": false,
                "to_port": 3306
              },
              {
                "cidr_blocks": [],
                "description": "",
                "from_port": 3306,
                "ipv6_cidr_blocks": [],
                "prefix_list_ids": [],
                "protocol": "tcp",
                "security_groups": [
                  "sg-033223af7636223e0"
                ],
                "self": false,
                "to_port": 3306
              }
            ],
            "name": "stb-rds-sg",
            "name_prefix": "",
            "owner_id": "248189943700",
            "revoke_rules_on_delete": false,
            "tags": {
              "Name": "rds-sg-agd"
            },
            "tags_all": {
              "Name": "rds-sg-agd"
            },
            "timeouts": null,
            "vpc_id": "vpc-002427d5be38383d7"
          },
          "sensitive_attributes": [],
          "private": "eyJlMmJmYjczMC1lY2FhLTExZTYtOGY4OC0zNDM2M2JjN2M0YzAiOnsiY3JlYXRlIjo2MDAwMDAwMDAwMDAsImRlbGV0ZSI6OTAwMDAwMDAwMDAwfSwic2NoZW1hX3ZlcnNpb24iOiIxIn0=",
          "dependencies": [
            "module.ec2_wordpress.aws_security_group.ec2_sg",
            "module.ec2_wordpress.data.aws_vpc.default"
          ]
        }
      ]
    },
    {
      "module": "module.ec2_wordpress",
      "mode": "managed",
      "type": "aws_subnet",
      "name": "next_subnet",
      "provider": "module.ec2_wordpress.provider[\"registry.terraform.io/hashicorp/aws\"]",
      "instances": [
        {
          "schema_version": 1,
          "attributes": {
            "arn": "arn:aws:ec2:eu-west-3:248189943700:subnet/subnet-0a0df20feddbf3376",
            "assign_ipv6_address_on_creation": false,
            "availability_zone": "eu-west-3a",
            "availability_zone_id": "euw3-az1",
            "cidr_block": "172.31.48.0/20",
            "customer_owned_ipv4_pool": "",
            "enable_dns64": false,
            "enable_lni_at_device_index": 0,
            "enable_resource_name_dns_a_record_on_launch": false,
            "enable_resource_name_dns_aaaa_record_on_launch": false,
            "id": "subnet-0a0df20feddbf3376",
            "ipv6_cidr_block": "",
            "ipv6_cidr_block_association_id": "",
            "ipv6_native": false,
            "map_customer_owned_ip_on_launch": false,
            "map_public_ip_on_launch": true,
            "outpost_arn": "",
            "owner_id": "248189943700",
            "private_dns_hostname_type_on_launch": "ip-name",
            "tags": {
              "Name": "Subnet-4-agd"
            },
            "tags_all": {
              "Name": "Subnet-4-agd"
            },
            "timeouts": null,
            "vpc_id": "vpc-002427d5be38383d7"
          },
          "sensitive_attributes": [],
          "private": "eyJlMmJmYjczMC1lY2FhLTExZTYtOGY4OC0zNDM2M2JjN2M0YzAiOnsiY3JlYXRlIjo2MDAwMDAwMDAwMDAsImRlbGV0ZSI6MTIwMDAwMDAwMDAwMH0sInNjaGVtYV92ZXJzaW9uIjoiMSJ9",
          "dependencies": [
            "module.ec2_wordpress.data.aws_availability_zones.available",
            "module.ec2_wordpress.data.aws_subnet.exist_subnet_details",
            "module.ec2_wordpress.data.aws_subnet.existing_subnet_details",
            "module.ec2_wordpress.data.aws_subnets.exist_subnet",
            "module.ec2_wordpress.data.aws_subnets.existing_subnets",
            "module.ec2_wordpress.data.aws_vpc.default",
            "module.ec2_wordpress.data.external.next_subnet"
          ]
        }
      ]
    },
    {
      "module": "module.ec2_wordpress",
      "mode": "managed",
      "type": "null_resource",
      "name": "update_hosts_ini1",
      "provider": "provider[\"registry.terraform.io/hashicorp/null\"]",
      "instances": [
        {
          "schema_version": 0,
          "attributes": {
            "id": "2325482763319355067",
            "triggers": {
              "always_run": "2025-01-16T20:16:39Z"
            }
          },
          "sensitive_attributes": [],
          "dependencies": [
            "module.ec2_wordpress.aws_instance.my_instance",
            "module.ec2_wordpress.aws_key_pair.key",
            "module.ec2_wordpress.aws_security_group.ec2_sg",
            "module.ec2_wordpress.aws_subnet.next_subnet",
            "module.ec2_wordpress.data.aws_availability_zones.available",
            "module.ec2_wordpress.data.aws_subnet.exist_subnet_details",
            "module.ec2_wordpress.data.aws_subnet.existing_subnet_details",
            "module.ec2_wordpress.data.aws_subnets.exist_subnet",
            "module.ec2_wordpress.data.aws_subnets.existing_subnets",
            "module.ec2_wordpress.data.aws_vpc.default",
            "module.ec2_wordpress.data.external.next_subnet"
          ]
        }
      ]
    },
    {
      "module": "module.ec2_wordpress",
      "mode": "managed",
      "type": "null_resource",
      "name": "update_hosts_ini2",
      "provider": "provider[\"registry.terraform.io/hashicorp/null\"]",
      "instances": [
        {
          "schema_version": 0,
          "attributes": {
            "id": "1749593253536131628",
            "triggers": {
              "always_run": "2025-01-16T20:16:39Z"
            }
          },
          "sensitive_attributes": [],
          "dependencies": [
            "module.ec2_wordpress.aws_instance.my_instance",
            "module.ec2_wordpress.aws_key_pair.key",
            "module.ec2_wordpress.aws_security_group.ec2_sg",
            "module.ec2_wordpress.aws_subnet.next_subnet",
            "module.ec2_wordpress.data.aws_availability_zones.available",
            "module.ec2_wordpress.data.aws_subnet.exist_subnet_details",
            "module.ec2_wordpress.data.aws_subnet.existing_subnet_details",
            "module.ec2_wordpress.data.aws_subnets.exist_subnet",
            "module.ec2_wordpress.data.aws_subnets.existing_subnets",
            "module.ec2_wordpress.data.aws_vpc.default",
            "module.ec2_wordpress.data.external.next_subnet",
            "module.ec2_wordpress.null_resource.update_hosts_ini1"
          ]
        }
      ]
    },
    {
      "module": "module.ec2_wordpress",
      "mode": "managed",
      "type": "null_resource",
      "name": "update_rdsvars_ini1",
      "provider": "provider[\"registry.terraform.io/hashicorp/null\"]",
      "instances": [
        {
          "schema_version": 0,
          "attributes": {
            "id": "2964395361078762262",
            "triggers": {
              "always_run": "2025-01-16T20:16:14Z"
            }
          },
          "sensitive_attributes": [],
          "dependencies": [
            "module.ec2_wordpress.aws_db_instance.mysql_db",
            "module.ec2_wordpress.aws_security_group.ec2_sg",
            "module.ec2_wordpress.aws_security_group.rds_sg",
            "module.ec2_wordpress.data.aws_vpc.default"
          ]
        }
      ]
    },
    {
      "module": "module.ec2_wordpress",
      "mode": "managed",
      "type": "null_resource",
      "name": "update_rdsvars_ini2",
      "provider": "provider[\"registry.terraform.io/hashicorp/null\"]",
      "instances": [
        {
          "schema_version": 0,
          "attributes": {
            "id": "4457098773282809918",
            "triggers": {
              "always_run": "2025-01-16T20:16:39Z"
            }
          },
          "sensitive_attributes": [],
          "dependencies": [
            "module.ec2_wordpress.aws_db_instance.mysql_db",
            "module.ec2_wordpress.aws_instance.my_instance",
            "module.ec2_wordpress.aws_key_pair.key",
            "module.ec2_wordpress.aws_security_group.ec2_sg",
            "module.ec2_wordpress.aws_security_group.rds_sg",
            "module.ec2_wordpress.aws_subnet.next_subnet",
            "module.ec2_wordpress.data.aws_availability_zones.available",
            "module.ec2_wordpress.data.aws_subnet.exist_subnet_details",
            "module.ec2_wordpress.data.aws_subnet.existing_subnet_details",
            "module.ec2_wordpress.data.aws_subnets.exist_subnet",
            "module.ec2_wordpress.data.aws_subnets.existing_subnets",
            "module.ec2_wordpress.data.aws_vpc.default",
            "module.ec2_wordpress.data.external.next_subnet",
            "module.ec2_wordpress.null_resource.update_rdsvars_ini1"
          ]
        }
      ]
    },
    {
      "module": "module.ec2_wordpress",
      "mode": "managed",
      "type": "null_resource",
      "name": "update_rdsvars_ini3",
      "provider": "provider[\"registry.terraform.io/hashicorp/null\"]",
      "instances": [
        {
          "schema_version": 0,
          "attributes": {
            "id": "3405451279618569957",
            "triggers": {
              "always_run": "2025-01-16T20:16:39Z"
            }
          },
          "sensitive_attributes": [],
          "dependencies": [
            "module.ec2_wordpress.aws_db_instance.mysql_db",
            "module.ec2_wordpress.aws_instance.my_instance",
            "module.ec2_wordpress.aws_key_pair.key",
            "module.ec2_wordpress.aws_security_group.ec2_sg",
            "module.ec2_wordpress.aws_security_group.rds_sg",
            "module.ec2_wordpress.aws_subnet.next_subnet",
            "module.ec2_wordpress.data.aws_availability_zones.available",
            "module.ec2_wordpress.data.aws_subnet.exist_subnet_details",
            "module.ec2_wordpress.data.aws_subnet.existing_subnet_details",
            "module.ec2_wordpress.data.aws_subnets.exist_subnet",
            "module.ec2_wordpress.data.aws_subnets.existing_subnets",
            "module.ec2_wordpress.data.aws_vpc.default",
            "module.ec2_wordpress.data.external.next_subnet",
            "module.ec2_wordpress.null_resource.update_rdsvars_ini1",
            "module.ec2_wordpress.null_resource.update_rdsvars_ini2"
          ]
        }
      ]
    },
    {
      "module": "module.ec2_wordpress",
      "mode": "managed",
      "type": "null_resource",
      "name": "update_rdsvars_ini4",
      "provider": "provider[\"registry.terraform.io/hashicorp/null\"]",
      "instances": [
        {
          "schema_version": 0,
          "attributes": {
            "id": "6949166749812207337",
            "triggers": {
              "always_run": "2025-01-16T20:16:39Z"
            }
          },
          "sensitive_attributes": [],
          "dependencies": [
            "module.ec2_wordpress.aws_db_instance.mysql_db",
            "module.ec2_wordpress.aws_instance.my_instance",
            "module.ec2_wordpress.aws_key_pair.key",
            "module.ec2_wordpress.aws_security_group.ec2_sg",
            "module.ec2_wordpress.aws_security_group.rds_sg",
            "module.ec2_wordpress.aws_subnet.next_subnet",
            "module.ec2_wordpress.data.aws_availability_zones.available",
            "module.ec2_wordpress.data.aws_subnet.exist_subnet_details",
            "module.ec2_wordpress.data.aws_subnet.existing_subnet_details",
            "module.ec2_wordpress.data.aws_subnets.exist_subnet",
            "module.ec2_wordpress.data.aws_subnets.existing_subnets",
            "module.ec2_wordpress.data.aws_vpc.default",
            "module.ec2_wordpress.data.external.next_subnet",
            "module.ec2_wordpress.null_resource.update_rdsvars_ini1",
            "module.ec2_wordpress.null_resource.update_rdsvars_ini2",
            "module.ec2_wordpress.null_resource.update_rdsvars_ini3"
          ]
        }
      ]
    }
  ],
  "check_results": null
}
